<?xml version="1.0" encoding="utf-8"?>
<Project ToolsVersion="4.0" xmlns="http://schemas.microsoft.com/developer/msbuild/2003">
  <ItemGroup>
    <Filter Include="MGE">
      <UniqueIdentifier>{DE03880B-4A0D-887C-D388-9E7C3F91937C}</UniqueIdentifier>
    </Filter>
    <Filter Include="MGE\Event">
      <UniqueIdentifier>{AF7304B4-1BDE-B82A-641C-6AD0D0C5967F}</UniqueIdentifier>
    </Filter>
  </ItemGroup>
  <ItemGroup>
    <ClInclude Include="src\MGE.h" />
    <ClInclude Include="src\MGE\Application.h">
      <Filter>MGE</Filter>
    </ClInclude>
    <ClInclude Include="src\MGE\Core.h">
      <Filter>MGE</Filter>
    </ClInclude>
    <ClInclude Include="src\MGE\EntryPoint.h">
      <Filter>MGE</Filter>
    </ClInclude>
    <ClInclude Include="src\MGE\Event\ApplicatonEvent.h">
      <Filter>MGE\Event</Filter>
    </ClInclude>
    <ClInclude Include="src\MGE\Event\Event.h">
      <Filter>MGE\Event</Filter>
    </ClInclude>
    <ClInclude Include="src\MGE\Event\EventTypes.h">
      <Filter>MGE\Event</Filter>
    </ClInclude>
    <ClInclude Include="src\MGE\Event\KeyEvent.h">
      <Filter>MGE\Event</Filter>
    </ClInclude>
    <ClInclude Include="src\MGE\Event\MouseEvent.h">
      <Filter>MGE\Event</Filter>
    </ClInclude>
    <ClInclude Include="src\MGE\Log.h">
      <Filter>MGE</Filter>
    </ClInclude>
    <ClInclude Include="src\MGEpch.h" />
    <ClInclude Include="src\Test.h" />
  </ItemGroup>
  <ItemGroup>
    <ClCompile Include="src\MGE\Application.cpp">
      <Filter>MGE</Filter>
    </ClCompile>
    <ClCompile Include="src\MGE\Log.cpp">
      <Filter>MGE</Filter>
    </ClCompile>
    <ClCompile Include="src\MGEpch.cpp" />
    <ClCompile Include="src\Test.cpp" />
  </ItemGroup>
</Project>