<?xml version="1.0" encoding="utf-8"?>
<Project ToolsVersion="4.0" xmlns="http://schemas.microsoft.com/developer/msbuild/2003">
  <ItemGroup>
    <Filter Include="src">
      <UniqueIdentifier>{2DAB880B-99B4-887C-2230-9F7C8E38947C}</UniqueIdentifier>
    </Filter>
    <Filter Include="src\MGE">
      <UniqueIdentifier>{75902FA9-E16F-AE44-EA87-391B56E614A6}</UniqueIdentifier>
    </Filter>
    <Filter Include="src\MGE\Core">
      <UniqueIdentifier>{ED45CEB9-D9A8-5D5E-822E-96146E7029E1}</UniqueIdentifier>
    </Filter>
    <Filter Include="src\MGE\Event">
      <UniqueIdentifier>{86D5BEF3-F295-3A2A-BBD0-83A727507F06}</UniqueIdentifier>
    </Filter>
    <Filter Include="src\MGE\ImGui">
      <UniqueIdentifier>{5FC901F4-CB89-7D2A-94C4-C6A70044C206}</UniqueIdentifier>
    </Filter>
    <Filter Include="src\MGE\Renderer">
      <UniqueIdentifier>{BB2711AF-A720-3001-D052-1586BCAA0F0D}</UniqueIdentifier>
    </Filter>
    <Filter Include="src\Platform">
      <UniqueIdentifier>{21CA02E5-0D2D-9289-B6B2-CA3FA2F45D0C}</UniqueIdentifier>
    </Filter>
    <Filter Include="src\Platform\OpenGL">
      <UniqueIdentifier>{35A49437-A105-7245-2A73-B8F796D3A804}</UniqueIdentifier>
    </Filter>
    <Filter Include="src\Platform\Windows">
      <UniqueIdentifier>{5B054582-4794-CE4B-F0B2-E246DC20DFF1}</UniqueIdentifier>
    </Filter>
    <Filter Include="vendor">
      <UniqueIdentifier>{B3738122-9F15-ACF8-88D0-BF4C74113349}</UniqueIdentifier>
    </Filter>
    <Filter Include="vendor\Math">
      <UniqueIdentifier>{6C206BC1-D8D5-E3B6-61CA-DD8DCD7EDABA}</UniqueIdentifier>
    </Filter>
    <Filter Include="vendor\Math\Mather">
      <UniqueIdentifier>{7CFB175E-68DF-D8B3-D13F-D306BD42C335}</UniqueIdentifier>
    </Filter>
    <Filter Include="vendor\Math\Mather\include">
      <UniqueIdentifier>{EFDEB6EE-DBEE-62BF-44A8-C7DD30D75158}</UniqueIdentifier>
    </Filter>
    <Filter Include="vendor\Math\Mather\include\Mathter">
      <UniqueIdentifier>{133BEF60-FF76-F2CA-6889-0AC254E49AE5}</UniqueIdentifier>
    </Filter>
    <Filter Include="vendor\Math\Mather\include\Mathter\Common">
      <UniqueIdentifier>{EBB45299-57CF-B53A-A0F1-C5CE0C4BDD41}</UniqueIdentifier>
    </Filter>
    <Filter Include="vendor\Math\Mather\include\Mathter\Decompositions">
      <UniqueIdentifier>{52A6F85E-BE6C-557B-07C8-E3DD73CDC3DF}</UniqueIdentifier>
    </Filter>
    <Filter Include="vendor\Math\Mather\include\Mathter\Matrix">
      <UniqueIdentifier>{57DFACAF-C3F9-0F51-0C1C-20E578753758}</UniqueIdentifier>
    </Filter>
    <Filter Include="vendor\Math\Mather\include\Mathter\Quaternion">
      <UniqueIdentifier>{C8619CA0-34D2-9E19-FDF0-18A26920D71A}</UniqueIdentifier>
    </Filter>
    <Filter Include="vendor\Math\Mather\include\Mathter\SIMD">
      <UniqueIdentifier>{CF627F1E-3BF2-4009-44EE-2121B0FC7B15}</UniqueIdentifier>
    </Filter>
    <Filter Include="vendor\Math\Mather\include\Mathter\Swizzle">
      <UniqueIdentifier>{3A51B5A5-26B9-7B73-8F24-90897BAB925F}</UniqueIdentifier>
    </Filter>
    <Filter Include="vendor\Math\Mather\include\Mathter\Transforms">
      <UniqueIdentifier>{D11A39A1-3D8B-3B1A-06AA-B5A272D9731B}</UniqueIdentifier>
    </Filter>
    <Filter Include="vendor\Math\Mather\include\Mathter\Vector">
      <UniqueIdentifier>{D565EAC4-4180-4D66-8AA2-5DFAF6FB746D}</UniqueIdentifier>
    </Filter>
    <Filter Include="vendor\stb_image">
      <UniqueIdentifier>{0DA0BA59-F998-D9AB-22CB-BE300E23B9B7}</UniqueIdentifier>
    </Filter>
  </ItemGroup>
  <ItemGroup>
    <ClInclude Include="src\MGE.h">
      <Filter>src</Filter>
    </ClInclude>
    <ClInclude Include="src\MGE\Application.h">
      <Filter>src\MGE</Filter>
    </ClInclude>
    <ClInclude Include="src\MGE\Core.h">
      <Filter>src\MGE</Filter>
    </ClInclude>
    <ClInclude Include="src\MGE\Core\Timestep.h">
      <Filter>src\MGE\Core</Filter>
    </ClInclude>
    <ClInclude Include="src\MGE\EntryPoint.h">
      <Filter>src\MGE</Filter>
    </ClInclude>
    <ClInclude Include="src\MGE\Event\ApplicationEvent.h">
      <Filter>src\MGE\Event</Filter>
    </ClInclude>
    <ClInclude Include="src\MGE\Event\Event.h">
      <Filter>src\MGE\Event</Filter>
    </ClInclude>
    <ClInclude Include="src\MGE\Event\EventTypes.h">
      <Filter>src\MGE\Event</Filter>
    </ClInclude>
    <ClInclude Include="src\MGE\Event\KeyEvent.h">
      <Filter>src\MGE\Event</Filter>
    </ClInclude>
    <ClInclude Include="src\MGE\Event\MouseEvent.h">
      <Filter>src\MGE\Event</Filter>
    </ClInclude>
    <ClInclude Include="src\MGE\ImGui\ImGuiLayer.h">
      <Filter>src\MGE\ImGui</Filter>
    </ClInclude>
    <ClInclude Include="src\MGE\KeyCodes.h">
      <Filter>src\MGE</Filter>
    </ClInclude>
    <ClInclude Include="src\MGE\Layer.h">
      <Filter>src\MGE</Filter>
    </ClInclude>
    <ClInclude Include="src\MGE\LayerStack.h">
      <Filter>src\MGE</Filter>
    </ClInclude>
    <ClInclude Include="src\MGE\Log.h">
      <Filter>src\MGE</Filter>
    </ClInclude>
    <ClInclude Include="src\MGE\MouseButtonCodes.h">
      <Filter>src\MGE</Filter>
    </ClInclude>
    <ClInclude Include="src\MGE\Renderer\Buffer.h">
      <Filter>src\MGE\Renderer</Filter>
    </ClInclude>
    <ClInclude Include="src\MGE\Renderer\Camera.h">
      <Filter>src\MGE\Renderer</Filter>
    </ClInclude>
    <ClInclude Include="src\MGE\Renderer\GraphicsContext.h">
      <Filter>src\MGE\Renderer</Filter>
    </ClInclude>
    <ClInclude Include="src\MGE\Renderer\RenderCommand.h">
      <Filter>src\MGE\Renderer</Filter>
    </ClInclude>
    <ClInclude Include="src\MGE\Renderer\Renderer.h">
      <Filter>src\MGE\Renderer</Filter>
    </ClInclude>
    <ClInclude Include="src\MGE\Renderer\RendererAPI.h">
      <Filter>src\MGE\Renderer</Filter>
    </ClInclude>
    <ClInclude Include="src\MGE\Renderer\Shader.h">
      <Filter>src\MGE\Renderer</Filter>
    </ClInclude>
    <ClInclude Include="src\MGE\Renderer\Texture.h">
      <Filter>src\MGE\Renderer</Filter>
    </ClInclude>
    <ClInclude Include="src\MGE\Renderer\VertexArray.h">
      <Filter>src\MGE\Renderer</Filter>
    </ClInclude>
    <ClInclude Include="src\MGE\Window.h">
      <Filter>src\MGE</Filter>
    </ClInclude>
    <ClInclude Include="src\MGE\input.h">
      <Filter>src\MGE</Filter>
    </ClInclude>
    <ClInclude Include="src\MGEpch.h">
      <Filter>src</Filter>
    </ClInclude>
    <ClInclude Include="src\MathAlias.h">
      <Filter>src</Filter>
    </ClInclude>
    <ClInclude Include="src\Platform\OpenGL\OpenGLBuffer.h">
      <Filter>src\Platform\OpenGL</Filter>
    </ClInclude>
    <ClInclude Include="src\Platform\OpenGL\OpenGLContext.h">
      <Filter>src\Platform\OpenGL</Filter>
    </ClInclude>
    <ClInclude Include="src\Platform\OpenGL\OpenGLRendererAPI.h">
      <Filter>src\Platform\OpenGL</Filter>
    </ClInclude>
    <ClInclude Include="src\Platform\OpenGL\OpenGLShader.h">
      <Filter>src\Platform\OpenGL</Filter>
    </ClInclude>
    <ClInclude Include="src\Platform\OpenGL\OpenGLTexture2D.h">
      <Filter>src\Platform\OpenGL</Filter>
    </ClInclude>
    <ClInclude Include="src\Platform\OpenGL\OpenGLVertexArray.h">
      <Filter>src\Platform\OpenGL</Filter>
    </ClInclude>
    <ClInclude Include="src\Platform\Windows\WindowsInput.h">
      <Filter>src\Platform\Windows</Filter>
    </ClInclude>
    <ClInclude Include="src\Platform\Windows\WindowsWindow.h">
      <Filter>src\Platform\Windows</Filter>
    </ClInclude>
    <ClInclude Include="src\Test.h">
      <Filter>src</Filter>
    </ClInclude>
    <ClInclude Include="vendor\Math\Mather\include\Mathter\Common\Approx.hpp">
      <Filter>vendor\Math\Mather\include\Mathter\Common</Filter>
    </ClInclude>
    <ClInclude Include="vendor\Math\Mather\include\Mathter\Common\Definitions.hpp">
      <Filter>vendor\Math\Mather\include\Mathter\Common</Filter>
    </ClInclude>
    <ClInclude Include="vendor\Math\Mather\include\Mathter\Common\DeterministicInitializer.hpp">
      <Filter>vendor\Math\Mather\include\Mathter\Common</Filter>
    </ClInclude>
    <ClInclude Include="vendor\Math\Mather\include\Mathter\Common\MathUtil.hpp">
      <Filter>vendor\Math\Mather\include\Mathter\Common</Filter>
    </ClInclude>
    <ClInclude Include="vendor\Math\Mather\include\Mathter\Common\Range.hpp">
      <Filter>vendor\Math\Mather\include\Mathter\Common</Filter>
    </ClInclude>
    <ClInclude Include="vendor\Math\Mather\include\Mathter\Common\Traits.hpp">
      <Filter>vendor\Math\Mather\include\Mathter\Common</Filter>
    </ClInclude>
    <ClInclude Include="vendor\Math\Mather\include\Mathter\Decompositions\DecomposeLU.hpp">
      <Filter>vendor\Math\Mather\include\Mathter\Decompositions</Filter>
    </ClInclude>
    <ClInclude Include="vendor\Math\Mather\include\Mathter\Decompositions\DecomposeQR.hpp">
      <Filter>vendor\Math\Mather\include\Mathter\Decompositions</Filter>
    </ClInclude>
    <ClInclude Include="vendor\Math\Mather\include\Mathter\Decompositions\DecomposeSVD.hpp">
      <Filter>vendor\Math\Mather\include\Mathter\Decompositions</Filter>
    </ClInclude>
    <ClInclude Include="vendor\Math\Mather\include\Mathter\Geometry.hpp">
      <Filter>vendor\Math\Mather\include\Mathter</Filter>
    </ClInclude>
    <ClInclude Include="vendor\Math\Mather\include\Mathter\IoStream.hpp">
      <Filter>vendor\Math\Mather\include\Mathter</Filter>
    </ClInclude>
    <ClInclude Include="vendor\Math\Mather\include\Mathter\Matrix.hpp">
      <Filter>vendor\Math\Mather\include\Mathter</Filter>
    </ClInclude>
    <ClInclude Include="vendor\Math\Mather\include\Mathter\Matrix\MatrixArithmetic.hpp">
      <Filter>vendor\Math\Mather\include\Mathter\Matrix</Filter>
    </ClInclude>
    <ClInclude Include="vendor\Math\Mather\include\Mathter\Matrix\MatrixCast.hpp">
      <Filter>vendor\Math\Mather\include\Mathter\Matrix</Filter>
    </ClInclude>
    <ClInclude Include="vendor\Math\Mather\include\Mathter\Matrix\MatrixCompare.hpp">
      <Filter>vendor\Math\Mather\include\Mathter\Matrix</Filter>
    </ClInclude>
    <ClInclude Include="vendor\Math\Mather\include\Mathter\Matrix\MatrixFunction.hpp">
      <Filter>vendor\Math\Mather\include\Mathter\Matrix</Filter>
    </ClInclude>
    <ClInclude Include="vendor\Math\Mather\include\Mathter\Matrix\MatrixImpl.hpp">
      <Filter>vendor\Math\Mather\include\Mathter\Matrix</Filter>
    </ClInclude>
    <ClInclude Include="vendor\Math\Mather\include\Mathter\Matrix\MatrixVectorArithmetic.hpp">
      <Filter>vendor\Math\Mather\include\Mathter\Matrix</Filter>
    </ClInclude>
    <ClInclude Include="vendor\Math\Mather\include\Mathter\Quaternion.hpp">
      <Filter>vendor\Math\Mather\include\Mathter</Filter>
    </ClInclude>
    <ClInclude Include="vendor\Math\Mather\include\Mathter\Quaternion\QuaternionArithmetic.hpp">
      <Filter>vendor\Math\Mather\include\Mathter\Quaternion</Filter>
    </ClInclude>
    <ClInclude Include="vendor\Math\Mather\include\Mathter\Quaternion\QuaternionCompare.hpp">
      <Filter>vendor\Math\Mather\include\Mathter\Quaternion</Filter>
    </ClInclude>
    <ClInclude Include="vendor\Math\Mather\include\Mathter\Quaternion\QuaternionFunction.hpp">
      <Filter>vendor\Math\Mather\include\Mathter\Quaternion</Filter>
    </ClInclude>
    <ClInclude Include="vendor\Math\Mather\include\Mathter\Quaternion\QuaternionImpl.hpp">
      <Filter>vendor\Math\Mather\include\Mathter\Quaternion</Filter>
    </ClInclude>
    <ClInclude Include="vendor\Math\Mather\include\Mathter\Quaternion\QuaternionLiterals.hpp">
      <Filter>vendor\Math\Mather\include\Mathter\Quaternion</Filter>
    </ClInclude>
    <ClInclude Include="vendor\Math\Mather\include\Mathter\Quaternion\QuaternionVectorArithmetic.hpp">
      <Filter>vendor\Math\Mather\include\Mathter\Quaternion</Filter>
    </ClInclude>
    <ClInclude Include="vendor\Math\Mather\include\Mathter\SIMD\Simd.hpp">
      <Filter>vendor\Math\Mather\include\Mathter\SIMD</Filter>
    </ClInclude>
    <ClInclude Include="vendor\Math\Mather\include\Mathter\SIMD\Simd_SSE2.hpp">
      <Filter>vendor\Math\Mather\include\Mathter\SIMD</Filter>
    </ClInclude>
    <ClInclude Include="vendor\Math\Mather\include\Mathter\Swizzle\Swizzle_1.inc.hpp">
      <Filter>vendor\Math\Mather\include\Mathter\Swizzle</Filter>
    </ClInclude>
    <ClInclude Include="vendor\Math\Mather\include\Mathter\Swizzle\Swizzle_2.inc.hpp">
      <Filter>vendor\Math\Mather\include\Mathter\Swizzle</Filter>
    </ClInclude>
    <ClInclude Include="vendor\Math\Mather\include\Mathter\Swizzle\Swizzle_3.inc.hpp">
      <Filter>vendor\Math\Mather\include\Mathter\Swizzle</Filter>
    </ClInclude>
    <ClInclude Include="vendor\Math\Mather\include\Mathter\Swizzle\Swizzle_4.inc.hpp">
      <Filter>vendor\Math\Mather\include\Mathter\Swizzle</Filter>
    </ClInclude>
    <ClInclude Include="vendor\Math\Mather\include\Mathter\Transforms\IdentityBuilder.hpp">
      <Filter>vendor\Math\Mather\include\Mathter\Transforms</Filter>
    </ClInclude>
    <ClInclude Include="vendor\Math\Mather\include\Mathter\Transforms\OrthographicBuilder.hpp">
      <Filter>vendor\Math\Mather\include\Mathter\Transforms</Filter>
    </ClInclude>
    <ClInclude Include="vendor\Math\Mather\include\Mathter\Transforms\PerspectiveBuilder.hpp">
      <Filter>vendor\Math\Mather\include\Mathter\Transforms</Filter>
    </ClInclude>
    <ClInclude Include="vendor\Math\Mather\include\Mathter\Transforms\Rotation2DBuilder.hpp">
      <Filter>vendor\Math\Mather\include\Mathter\Transforms</Filter>
    </ClInclude>
    <ClInclude Include="vendor\Math\Mather\include\Mathter\Transforms\Rotation3DBuilder.hpp">
      <Filter>vendor\Math\Mather\include\Mathter\Transforms</Filter>
    </ClInclude>
    <ClInclude Include="vendor\Math\Mather\include\Mathter\Transforms\ScaleBuilder.hpp">
      <Filter>vendor\Math\Mather\include\Mathter\Transforms</Filter>
    </ClInclude>
    <ClInclude Include="vendor\Math\Mather\include\Mathter\Transforms\ShearBuilder.hpp">
      <Filter>vendor\Math\Mather\include\Mathter\Transforms</Filter>
    </ClInclude>
    <ClInclude Include="vendor\Math\Mather\include\Mathter\Transforms\TranslationBuilder.hpp">
      <Filter>vendor\Math\Mather\include\Mathter\Transforms</Filter>
    </ClInclude>
    <ClInclude Include="vendor\Math\Mather\include\Mathter\Transforms\ViewBuilder.hpp">
      <Filter>vendor\Math\Mather\include\Mathter\Transforms</Filter>
    </ClInclude>
    <ClInclude Include="vendor\Math\Mather\include\Mathter\Transforms\ZeroBuilder.hpp">
      <Filter>vendor\Math\Mather\include\Mathter\Transforms</Filter>
    </ClInclude>
    <ClInclude Include="vendor\Math\Mather\include\Mathter\Utility.hpp">
      <Filter>vendor\Math\Mather\include\Mathter</Filter>
    </ClInclude>
    <ClInclude Include="vendor\Math\Mather\include\Mathter\Vector.hpp">
      <Filter>vendor\Math\Mather\include\Mathter</Filter>
    </ClInclude>
    <ClInclude Include="vendor\Math\Mather\include\Mathter\Vector\VectorArithmetic.hpp">
      <Filter>vendor\Math\Mather\include\Mathter\Vector</Filter>
    </ClInclude>
    <ClInclude Include="vendor\Math\Mather\include\Mathter\Vector\VectorCompare.hpp">
      <Filter>vendor\Math\Mather\include\Mathter\Vector</Filter>
    </ClInclude>
    <ClInclude Include="vendor\Math\Mather\include\Mathter\Vector\VectorConcat.hpp">
      <Filter>vendor\Math\Mather\include\Mathter\Vector</Filter>
    </ClInclude>
    <ClInclude Include="vendor\Math\Mather\include\Mathter\Vector\VectorFunction.hpp">
      <Filter>vendor\Math\Mather\include\Mathter\Vector</Filter>
    </ClInclude>
    <ClInclude Include="vendor\Math\Mather\include\Mathter\Vector\VectorImpl.hpp">
      <Filter>vendor\Math\Mather\include\Mathter\Vector</Filter>
    </ClInclude>
    <ClInclude Include="vendor\stb_image\stb_image.h">
      <Filter>vendor\stb_image</Filter>
    </ClInclude>
    <ClInclude Include="src\MGE\CameraController.h" />
  </ItemGroup>
  <ItemGroup>
    <ClCompile Include="src\MGE\Application.cpp">
      <Filter>src\MGE</Filter>
    </ClCompile>
    <ClCompile Include="src\MGE\ImGui\ImGuiBuild.cpp">
      <Filter>src\MGE\ImGui</Filter>
    </ClCompile>
    <ClCompile Include="src\MGE\ImGui\ImGuiLayer.cpp">
      <Filter>src\MGE\ImGui</Filter>
    </ClCompile>
    <ClCompile Include="src\MGE\Layer.cpp">
      <Filter>src\MGE</Filter>
    </ClCompile>
    <ClCompile Include="src\MGE\LayerStack.cpp">
      <Filter>src\MGE</Filter>
    </ClCompile>
    <ClCompile Include="src\MGE\Log.cpp">
      <Filter>src\MGE</Filter>
    </ClCompile>
    <ClCompile Include="src\MGE\Renderer\Buffer.cpp">
      <Filter>src\MGE\Renderer</Filter>
    </ClCompile>
    <ClCompile Include="src\MGE\Renderer\Camera.cpp">
      <Filter>src\MGE\Renderer</Filter>
    </ClCompile>
    <ClCompile Include="src\MGE\Renderer\RenderCommand.cpp">
      <Filter>src\MGE\Renderer</Filter>
    </ClCompile>
    <ClCompile Include="src\MGE\Renderer\Renderer.cpp">
      <Filter>src\MGE\Renderer</Filter>
    </ClCompile>
    <ClCompile Include="src\MGE\Renderer\RendererAPI.cpp">
      <Filter>src\MGE\Renderer</Filter>
    </ClCompile>
    <ClCompile Include="src\MGE\Renderer\Shader.cpp">
      <Filter>src\MGE\Renderer</Filter>
    </ClCompile>
    <ClCompile Include="src\MGE\Renderer\Texture.cpp">
      <Filter>src\MGE\Renderer</Filter>
    </ClCompile>
    <ClCompile Include="src\MGE\Renderer\VertexArray.cpp">
      <Filter>src\MGE\Renderer</Filter>
    </ClCompile>
    <ClCompile Include="src\MGEpch.cpp">
      <Filter>src</Filter>
    </ClCompile>
    <ClCompile Include="src\Platform\OpenGL\OpenGLBuffer.cpp">
      <Filter>src\Platform\OpenGL</Filter>
    </ClCompile>
    <ClCompile Include="src\Platform\OpenGL\OpenGLContext.cpp">
      <Filter>src\Platform\OpenGL</Filter>
    </ClCompile>
    <ClCompile Include="src\Platform\OpenGL\OpenGLRendererAPI.cpp">
      <Filter>src\Platform\OpenGL</Filter>
    </ClCompile>
    <ClCompile Include="src\Platform\OpenGL\OpenGLShader.cpp">
      <Filter>src\Platform\OpenGL</Filter>
    </ClCompile>
    <ClCompile Include="src\Platform\OpenGL\OpenGLTexture2D.cpp">
      <Filter>src\Platform\OpenGL</Filter>
    </ClCompile>
    <ClCompile Include="src\Platform\OpenGL\OpenGLVertexArray.cpp">
      <Filter>src\Platform\OpenGL</Filter>
    </ClCompile>
    <ClCompile Include="src\Platform\Windows\WindowsInput.cpp">
      <Filter>src\Platform\Windows</Filter>
    </ClCompile>
    <ClCompile Include="src\Platform\Windows\WindowsWindow.cpp">
      <Filter>src\Platform\Windows</Filter>
    </ClCompile>
    <ClCompile Include="src\Test.cpp">
      <Filter>src</Filter>
    </ClCompile>
    <ClCompile Include="vendor\stb_image\stb_image.cpp">
      <Filter>vendor\stb_image</Filter>
    </ClCompile>
    <ClCompile Include="src\MGE\CameraController.cpp" />
  </ItemGroup>
</Project>